{
  "name": "@karelhagel/styles",
  "version": "1.0.8",
  "lockfileVersion": 3,
  "requires": true,
  "packages": {
    "": {
      "name": "@karelhagel/styles",
      "version": "1.0.8",
      "license": "MIT",
      "dependencies": {
        "@karelhagel/styles": "github:karelhagel/styles"
      }
    },
    "node_modules/@karelhagel/styles": {
      "version": "1.0.8",
      "resolved": "git+ssh://git@github.com/karelhagel/styles.git#f5e9142ab78b6235868ad3d808fd0a7cf5e6020c",
      "license": "MIT"
    }
  }
}
