{
  "name": "@karelhagel/styles",
  "version": "1.0.8",
  "lockfileVersion": 3,
  "requires": true,
  "packages": {
    "": {
      "name": "@karelhagel/styles",
      "version": "1.0.8",
      "license": "MIT",
      "dependencies": {
        "@karelhagel/styles": "github:karelhagel/styles"
      }
    },
    "node_modules/@karelhagel/styles": {
      "version": "1.0.8",
      "resolved": "git+ssh://git@github.com/karelhagel/styles.git#c38de1d11ea4372632d1b5d9abb267c5cae4fcba",
      "license": "MIT"
    }
  }
}
